<?xml version="1.0" encoding="utf-8"?>
<Project ToolsVersion="4.0" xmlns="http://schemas.microsoft.com/developer/msbuild/2003">
  <ItemGroup>
    <Filter Include="Code">
      <UniqueIdentifier>{b067bd9d-e172-4eca-96d5-2a49afb7a937}</UniqueIdentifier>
    </Filter>
    <Filter Include="Code\ai">
      <UniqueIdentifier>{60536b7b-f42d-46f5-8c14-46dfe959a49d}</UniqueIdentifier>
    </Filter>
    <Filter Include="Code\ai\Source Files">
      <UniqueIdentifier>{c455d05c-11f7-4708-8042-4625541eadbd}</UniqueIdentifier>
    </Filter>
    <Filter Include="Code\ai\Header Files">
      <UniqueIdentifier>{35ad0ea0-8579-4fef-9f94-8896da7c91f5}</UniqueIdentifier>
    </Filter>
    <Filter Include="Code\Main">
      <UniqueIdentifier>{c642e1dc-8edf-4d76-8c9d-c74d3af18cd9}</UniqueIdentifier>
    </Filter>
    <Filter Include="Code\Main\Source Files %28%2a.c%29">
      <UniqueIdentifier>{ee731ed2-bc3b-4ea5-878d-623fd85e826c}</UniqueIdentifier>
      <Extensions>*.c</Extensions>
    </Filter>
    <Filter Include="Code\Main\Header Files %28%2a.h%29">
      <UniqueIdentifier>{3006869c-e3ba-4106-a2ff-c3e7febe3f71}</UniqueIdentifier>
      <Extensions>*.h</Extensions>
    </Filter>
    <Filter Include="Docs">
      <UniqueIdentifier>{2de4a8b1-0424-490e-a2ad-7c45887342fb}</UniqueIdentifier>
    </Filter>
    <Filter Include="Docs\Linux">
      <UniqueIdentifier>{5341b65d-b6d5-4e6e-bcf7-da2e7ab42fe2}</UniqueIdentifier>
    </Filter>
    <Filter Include="Docs\Amiga">
      <UniqueIdentifier>{3af9f3a3-d071-4a1f-8f74-5d0d1b97b5fa}</UniqueIdentifier>
    </Filter>
    <Filter Include="Code\Countries">
      <UniqueIdentifier>{ea437749-74b8-458c-bf87-a50419ba7690}</UniqueIdentifier>
    </Filter>
    <Filter Include="Code\Countries\gbr">
      <UniqueIdentifier>{78acd043-5871-4e46-85f3-9a6d5832725c}</UniqueIdentifier>
    </Filter>
    <Filter Include="Code\Countries\grm">
      <UniqueIdentifier>{f90f8ffa-17ab-415d-be45-789bc189f9b8}</UniqueIdentifier>
    </Filter>
    <Filter Include="Code\Countries\ita">
      <UniqueIdentifier>{d317f851-8889-48cd-9817-cb726c72a7b4}</UniqueIdentifier>
    </Filter>
    <Filter Include="Code\Countries\jpn">
      <UniqueIdentifier>{40f50368-ef32-4d18-b42f-f0ba23546f4e}</UniqueIdentifier>
    </Filter>
    <Filter Include="Code\Countries\pol">
      <UniqueIdentifier>{96f5cba7-72ef-429a-8f3b-d28fc383c1f5}</UniqueIdentifier>
    </Filter>
    <Filter Include="Code\Countries\rus">
      <UniqueIdentifier>{7006b10a-fb50-42f9-8436-853031a1333b}</UniqueIdentifier>
    </Filter>
    <Filter Include="Code\Countries\usa">
      <UniqueIdentifier>{54613f78-38e3-4b9e-a621-70cc01c9c70e}</UniqueIdentifier>
    </Filter>
    <Filter Include="Code\Countries\usm">
      <UniqueIdentifier>{57cd06c8-436a-432e-bcc2-e1bb935acc26}</UniqueIdentifier>
    </Filter>
  </ItemGroup>
  <ItemGroup>
    <ClCompile Include="m_civilian.c">
      <Filter>Code\Main\Source Files %28%2a.c%29</Filter>
    </ClCompile>
    <ClCompile Include="usa\usa_guninfo.c">
      <Filter>Code\Countries\usa</Filter>
    </ClCompile>
    <ClCompile Include="usa\usa_item.c">
      <Filter>Code\Countries\usa</Filter>
    </ClCompile>
    <ClCompile Include="usa\usa_main.c">
      <Filter>Code\Countries\usa</Filter>
    </ClCompile>
    <ClCompile Include="usa\usa_spawn.c">
      <Filter>Code\Countries\usa</Filter>
    </ClCompile>
    <ClCompile Include="usa\usa_weapon.c">
      <Filter>Code\Countries\usa</Filter>
    </ClCompile>
    <ClCompile Include="grm\grm_guninfo.c">
      <Filter>Code\Countries\grm</Filter>
    </ClCompile>
    <ClCompile Include="grm\grm_item.c">
      <Filter>Code\Countries\grm</Filter>
    </ClCompile>
    <ClCompile Include="grm\grm_main.c">
      <Filter>Code\Countries\grm</Filter>
    </ClCompile>
    <ClCompile Include="grm\grm_spawn.c">
      <Filter>Code\Countries\grm</Filter>
    </ClCompile>
    <ClCompile Include="grm\grm_weapon.c">
      <Filter>Code\Countries\grm</Filter>
    </ClCompile>
    <ClCompile Include="rus\rus_guninfo.c">
      <Filter>Code\Countries\rus</Filter>
    </ClCompile>
    <ClCompile Include="rus\rus_item.c">
      <Filter>Code\Countries\rus</Filter>
    </ClCompile>
    <ClCompile Include="rus\rus_main.c">
      <Filter>Code\Countries\rus</Filter>
    </ClCompile>
    <ClCompile Include="rus\rus_spawn.c">
      <Filter>Code\Countries\rus</Filter>
    </ClCompile>
    <ClCompile Include="rus\rus_weapon.c">
      <Filter>Code\Countries\rus</Filter>
    </ClCompile>
    <ClCompile Include="gbr\gbr_guninfo.c">
      <Filter>Code\Countries\gbr</Filter>
    </ClCompile>
    <ClCompile Include="gbr\gbr_item.c">
      <Filter>Code\Countries\gbr</Filter>
    </ClCompile>
    <ClCompile Include="gbr\gbr_main.c">
      <Filter>Code\Countries\gbr</Filter>
    </ClCompile>
    <ClCompile Include="gbr\gbr_spawn.c">
      <Filter>Code\Countries\gbr</Filter>
    </ClCompile>
    <ClCompile Include="gbr\gbr_weapon.c">
      <Filter>Code\Countries\gbr</Filter>
    </ClCompile>
    <ClCompile Include="pol\pol_guninfo.c">
      <Filter>Code\Countries\pol</Filter>
    </ClCompile>
    <ClCompile Include="pol\pol_item.c">
      <Filter>Code\Countries\pol</Filter>
    </ClCompile>
    <ClCompile Include="pol\pol_main.c">
      <Filter>Code\Countries\pol</Filter>
    </ClCompile>
    <ClCompile Include="pol\pol_spawn.c">
      <Filter>Code\Countries\pol</Filter>
    </ClCompile>
    <ClCompile Include="pol\pol_weapon.c">
      <Filter>Code\Countries\pol</Filter>
    </ClCompile>
    <ClCompile Include="ita\ita_guninfo.c">
      <Filter>Code\Countries\ita</Filter>
    </ClCompile>
    <ClCompile Include="ita\ita_item.c">
      <Filter>Code\Countries\ita</Filter>
    </ClCompile>
    <ClCompile Include="ita\ita_main.c">
      <Filter>Code\Countries\ita</Filter>
    </ClCompile>
    <ClCompile Include="ita\ita_spawn.c">
      <Filter>Code\Countries\ita</Filter>
    </ClCompile>
    <ClCompile Include="ita\ita_weapon.c">
      <Filter>Code\Countries\ita</Filter>
    </ClCompile>
    <ClCompile Include="jpn\jpn_guninfo.c">
      <Filter>Code\Countries\jpn</Filter>
    </ClCompile>
    <ClCompile Include="jpn\jpn_item.c">
      <Filter>Code\Countries\jpn</Filter>
    </ClCompile>
    <ClCompile Include="jpn\jpn_main.c">
      <Filter>Code\Countries\jpn</Filter>
    </ClCompile>
    <ClCompile Include="jpn\jpn_spawn.c">
      <Filter>Code\Countries\jpn</Filter>
    </ClCompile>
    <ClCompile Include="jpn\jpn_weapon.c">
      <Filter>Code\Countries\jpn</Filter>
    </ClCompile>
    <ClCompile Include="usm\usm_guninfo.c">
      <Filter>Code\Countries\usm</Filter>
    </ClCompile>
    <ClCompile Include="usm\usm_item.c">
      <Filter>Code\Countries\usm</Filter>
    </ClCompile>
    <ClCompile Include="usm\usm_main.c">
      <Filter>Code\Countries\usm</Filter>
    </ClCompile>
    <ClCompile Include="usm\usm_spawn.c">
      <Filter>Code\Countries\usm</Filter>
    </ClCompile>
    <ClCompile Include="usm\usm_weapon.c">
      <Filter>Code\Countries\usm</Filter>
    </ClCompile>
    <ClCompile Include="g_ai.c">
      <Filter>Code\Main\Source Files %28%2a.c%29</Filter>
    </ClCompile>
    <ClCompile Include="g_arty.c">
      <Filter>Code\Main\Source Files %28%2a.c%29</Filter>
    </ClCompile>
    <ClCompile Include="g_cmds.c">
      <Filter>Code\Main\Source Files %28%2a.c%29</Filter>
    </ClCompile>
    <ClCompile Include="g_combat.c">
      <Filter>Code\Main\Source Files %28%2a.c%29</Filter>
    </ClCompile>
    <ClCompile Include="g_ents.c">
      <Filter>Code\Main\Source Files %28%2a.c%29</Filter>
    </ClCompile>
    <ClCompile Include="g_func.c">
      <Filter>Code\Main\Source Files %28%2a.c%29</Filter>
    </ClCompile>
    <ClCompile Include="g_items.c">
      <Filter>Code\Main\Source Files %28%2a.c%29</Filter>
    </ClCompile>
    <ClCompile Include="g_main.c">
      <Filter>Code\Main\Source Files %28%2a.c%29</Filter>
    </ClCompile>
    <ClCompile Include="g_maps.c">
      <Filter>Code\Main\Source Files %28%2a.c%29</Filter>
    </ClCompile>
    <ClCompile Include="g_misc.c">
      <Filter>Code\Main\Source Files %28%2a.c%29</Filter>
    </ClCompile>
    <ClCompile Include="g_monster.c">
      <Filter>Code\Main\Source Files %28%2a.c%29</Filter>
    </ClCompile>
    <ClCompile Include="g_objectives.c">
      <Filter>Code\Main\Source Files %28%2a.c%29</Filter>
    </ClCompile>
    <ClCompile Include="g_phys.c">
      <Filter>Code\Main\Source Files %28%2a.c%29</Filter>
    </ClCompile>
    <ClCompile Include="g_save.c">
      <Filter>Code\Main\Source Files %28%2a.c%29</Filter>
    </ClCompile>
    <ClCompile Include="g_spawn.c">
      <Filter>Code\Main\Source Files %28%2a.c%29</Filter>
    </ClCompile>
    <ClCompile Include="g_svcmds.c">
      <Filter>Code\Main\Source Files %28%2a.c%29</Filter>
    </ClCompile>
    <ClCompile Include="g_target.c">
      <Filter>Code\Main\Source Files %28%2a.c%29</Filter>
    </ClCompile>
    <ClCompile Include="g_trigger.c">
      <Filter>Code\Main\Source Files %28%2a.c%29</Filter>
    </ClCompile>
    <ClCompile Include="g_turret.c">
      <Filter>Code\Main\Source Files %28%2a.c%29</Filter>
    </ClCompile>
    <ClCompile Include="g_utils.c">
      <Filter>Code\Main\Source Files %28%2a.c%29</Filter>
    </ClCompile>
    <ClCompile Include="g_weapon.c">
      <Filter>Code\Main\Source Files %28%2a.c%29</Filter>
    </ClCompile>
    <ClCompile Include="m_actor.c">
      <Filter>Code\Main\Source Files %28%2a.c%29</Filter>
    </ClCompile>
    <ClCompile Include="m_flash.c">
      <Filter>Code\Main\Source Files %28%2a.c%29</Filter>
    </ClCompile>
    <ClCompile Include="m_insane.c">
      <Filter>Code\Main\Source Files %28%2a.c%29</Filter>
    </ClCompile>
    <ClCompile Include="m_move.c">
      <Filter>Code\Main\Source Files %28%2a.c%29</Filter>
    </ClCompile>
    <ClCompile Include="p_classes.c">
      <Filter>Code\Main\Source Files %28%2a.c%29</Filter>
    </ClCompile>
    <ClCompile Include="p_client.c">
      <Filter>Code\Main\Source Files %28%2a.c%29</Filter>
    </ClCompile>
    <ClCompile Include="p_generic_wep.c">
      <Filter>Code\Main\Source Files %28%2a.c%29</Filter>
    </ClCompile>
    <ClCompile Include="p_hud.c">
      <Filter>Code\Main\Source Files %28%2a.c%29</Filter>
    </ClCompile>
    <ClCompile Include="p_menu.c">
      <Filter>Code\Main\Source Files %28%2a.c%29</Filter>
    </ClCompile>
    <ClCompile Include="p_trail.c">
      <Filter>Code\Main\Source Files %28%2a.c%29</Filter>
    </ClCompile>
    <ClCompile Include="p_view.c">
      <Filter>Code\Main\Source Files %28%2a.c%29</Filter>
    </ClCompile>
    <ClCompile Include="p_weapon.c">
      <Filter>Code\Main\Source Files %28%2a.c%29</Filter>
    </ClCompile>
    <ClCompile Include="q_shared.c">
      <Filter>Code\Main\Source Files %28%2a.c%29</Filter>
    </ClCompile>
    <ClCompile Include="u_entmgr.c">
      <Filter>Code\Main\Source Files %28%2a.c%29</Filter>
    </ClCompile>
    <ClCompile Include="x_fire.c">
      <Filter>Code\Main\Source Files %28%2a.c%29</Filter>
    </ClCompile>
    <ClCompile Include="p_observer.c">
      <Filter>Code\Main\Source Files %28%2a.c%29</Filter>
    </ClCompile>
    <ClCompile Include="ai\ai_class_dmbot.c">
      <Filter>Code\ai\Source Files</Filter>
    </ClCompile>
    <ClCompile Include="ai\ai_dropnodes.c">
      <Filter>Code\ai\Source Files</Filter>
    </ClCompile>
    <ClCompile Include="ai\ai_items.c">
      <Filter>Code\ai\Source Files</Filter>
    </ClCompile>
    <ClCompile Include="ai\ai_links.c">
      <Filter>Code\ai\Source Files</Filter>
    </ClCompile>
    <ClCompile Include="ai\ai_main.c">
      <Filter>Code\ai\Source Files</Filter>
    </ClCompile>
    <ClCompile Include="ai\ai_movement.c">
      <Filter>Code\ai\Source Files</Filter>
    </ClCompile>
    <ClCompile Include="ai\ai_tools.c">
      <Filter>Code\ai\Source Files</Filter>
    </ClCompile>
    <ClCompile Include="ai\ai_weapons.c">
      <Filter>Code\ai\Source Files</Filter>
    </ClCompile>
    <ClCompile Include="ai\astar.c">
      <Filter>Code\ai\Source Files</Filter>
    </ClCompile>
    <ClCompile Include="ai\bot_common.c">
      <Filter>Code\ai\Source Files</Filter>
    </ClCompile>
    <ClCompile Include="ai\bot_spawn.c">
      <Filter>Code\ai\Source Files</Filter>
    </ClCompile>
    <ClCompile Include="ai\ai_nodes.c">
      <Filter>Code\ai\Source Files</Filter>
    </ClCompile>
    <ClCompile Include="ai\ai_navigation.c">
      <Filter>Code\ai\Source Files</Filter>
    </ClCompile>
  </ItemGroup>
  <ItemGroup>
    <ClInclude Include="usa\usa_classes.h">
      <Filter>Code\Countries\usa</Filter>
    </ClInclude>
    <ClInclude Include="usa\usa_defines.h">
      <Filter>Code\Countries\usa</Filter>
    </ClInclude>
    <ClInclude Include="usa\usa_main.h">
      <Filter>Code\Countries\usa</Filter>
    </ClInclude>
    <ClInclude Include="grm\grm_classes.h">
      <Filter>Code\Countries\grm</Filter>
    </ClInclude>
    <ClInclude Include="grm\grm_defines.h">
      <Filter>Code\Countries\grm</Filter>
    </ClInclude>
    <ClInclude Include="grm\grm_main.h">
      <Filter>Code\Countries\grm</Filter>
    </ClInclude>
    <ClInclude Include="rus\rus_classes.h">
      <Filter>Code\Countries\rus</Filter>
    </ClInclude>
    <ClInclude Include="rus\rus_defines.h">
      <Filter>Code\Countries\rus</Filter>
    </ClInclude>
    <ClInclude Include="rus\rus_main.h">
      <Filter>Code\Countries\rus</Filter>
    </ClInclude>
    <ClInclude Include="gbr\gbr_classes.h">
      <Filter>Code\Countries\gbr</Filter>
    </ClInclude>
    <ClInclude Include="gbr\gbr_defines.h">
      <Filter>Code\Countries\gbr</Filter>
    </ClInclude>
    <ClInclude Include="gbr\gbr_main.h">
      <Filter>Code\Countries\gbr</Filter>
    </ClInclude>
    <ClInclude Include="pol\pol_classes.h">
      <Filter>Code\Countries\pol</Filter>
    </ClInclude>
    <ClInclude Include="pol\pol_defines.h">
      <Filter>Code\Countries\pol</Filter>
    </ClInclude>
    <ClInclude Include="pol\pol_main.h">
      <Filter>Code\Countries\pol</Filter>
    </ClInclude>
    <ClInclude Include="ita\ita_classes.h">
      <Filter>Code\Countries\ita</Filter>
    </ClInclude>
    <ClInclude Include="ita\ita_defines.h">
      <Filter>Code\Countries\ita</Filter>
    </ClInclude>
    <ClInclude Include="ita\ita_main.h">
      <Filter>Code\Countries\ita</Filter>
    </ClInclude>
    <ClInclude Include="jpn\jpn_classes.h">
      <Filter>Code\Countries\jpn</Filter>
    </ClInclude>
    <ClInclude Include="jpn\jpn_defines.h">
      <Filter>Code\Countries\jpn</Filter>
    </ClInclude>
    <ClInclude Include="jpn\jpn_main.h">
      <Filter>Code\Countries\jpn</Filter>
    </ClInclude>
    <ClInclude Include="usm\usm_classes.h">
      <Filter>Code\Countries\usm</Filter>
    </ClInclude>
    <ClInclude Include="usm\usm_defines.h">
      <Filter>Code\Countries\usm</Filter>
    </ClInclude>
    <ClInclude Include="usm\usm_main.h">
      <Filter>Code\Countries\usm</Filter>
    </ClInclude>
    <ClInclude Include="g_cmds.h">
      <Filter>Code\Main\Header Files %28%2a.h%29</Filter>
    </ClInclude>
    <ClInclude Include="g_defines.h">
      <Filter>Code\Main\Header Files %28%2a.h%29</Filter>
    </ClInclude>
    <ClInclude Include="g_local.h">
      <Filter>Code\Main\Header Files %28%2a.h%29</Filter>
    </ClInclude>
    <ClInclude Include="g_maps.h">
      <Filter>Code\Main\Header Files %28%2a.h%29</Filter>
    </ClInclude>
    <ClInclude Include="game.h">
      <Filter>Code\Main\Header Files %28%2a.h%29</Filter>
    </ClInclude>
    <ClInclude Include="m_actor.h">
      <Filter>Code\Main\Header Files %28%2a.h%29</Filter>
    </ClInclude>
    <ClInclude Include="m_insane.h">
      <Filter>Code\Main\Header Files %28%2a.h%29</Filter>
    </ClInclude>
    <ClInclude Include="m_player.h">
      <Filter>Code\Main\Header Files %28%2a.h%29</Filter>
    </ClInclude>
    <ClInclude Include="p_menu.h">
      <Filter>Code\Main\Header Files %28%2a.h%29</Filter>
    </ClInclude>
    <ClInclude Include="p_observer.h">
      <Filter>Code\Main\Header Files %28%2a.h%29</Filter>
    </ClInclude>
    <ClInclude Include="q_shared.h">
      <Filter>Code\Main\Header Files %28%2a.h%29</Filter>
    </ClInclude>
    <ClInclude Include="x_fire.h">
      <Filter>Code\Main\Header Files %28%2a.h%29</Filter>
    </ClInclude>
    <ClInclude Include="ai\ai.h">
      <Filter>Code\ai\Header Files</Filter>
    </ClInclude>
    <ClInclude Include="ai\ai_local.h">
      <Filter>Code\ai\Header Files</Filter>
    </ClInclude>
    <ClInclude Include="ai\ai_nodes_local.h">
      <Filter>Code\ai\Header Files</Filter>
    </ClInclude>
    <ClInclude Include="ai\ai_nodes_shared.h">
      <Filter>Code\ai\Header Files</Filter>
    </ClInclude>
    <ClInclude Include="ai\ai_weapons.h">
      <Filter>Code\ai\Header Files</Filter>
    </ClInclude>
    <ClInclude Include="ai\astar.h">
      <Filter>Code\ai\Header Files</Filter>
    </ClInclude>
  </ItemGroup>
  <ItemGroup>
    <None Include="makefile.ami">
      <Filter>Docs\Amiga</Filter>
    </None>
    <None Include="Makefile">
      <Filter>Docs\Linux</Filter>
    </None>
    <None Include="ChangeLog" />
    <None Include="game.def">
      <Filter>Code</Filter>
    </None>
    <None Include="Makefile.country">
      <Filter>Code\Countries</Filter>
    </None>
    <None Include="ai\Makefile">
      <Filter>Code\ai</Filter>
    </None>
    <None Include="easymake">
      <Filter>Docs\Linux</Filter>
    </None>
  </ItemGroup>
  <ItemGroup>
    <Text Include="readme.amiga.txt">
      <Filter>Docs\Amiga</Filter>
    </Text>
    <Text Include="readme.linux.txt">
      <Filter>Docs\Linux</Filter>
    </Text>
    <Text Include="gnu.txt">
      <Filter>Docs</Filter>
    </Text>
    <Text Include="license.txt">
      <Filter>Docs</Filter>
    </Text>
    <Text Include="readme.txt">
      <Filter>Docs\Amiga</Filter>
    </Text>
    <Text Include="ai\ACEBOT and GPL.txt">
      <Filter>Docs</Filter>
    </Text>
  </ItemGroup>
</Project>